
Microsoft Visual Studio Solution File, Format Version 12.00
# Visual Studio Version 16
VisualStudioVersion = 16.0.30804.86
MinimumVisualStudioVersion = 10.0.40219.1
Project("{F184B08F-C81C-45F6-A57F-5ABD9991F28F}") = "Data Analysis Tool", "Data Analysis Tool\Data Analysis Tool.vbproj", "{4D353859-3172-47A0-8AA9-3E211F1B199D}"
EndProject
Global
	GlobalSection(SolutionConfigurationPlatforms) = preSolution
		Debug|Any CPU = Debug|Any CPU
		Release|Any CPU = Release|Any CPU
	EndGlobalSection
	GlobalSection(ProjectConfigurationPlatforms) = postSolution
		{4D353859-3172-47A0-8AA9-3E211F1B199D}.Debug|Any CPU.ActiveCfg = Debug|Any CPU
		{4D353859-3172-47A0-8AA9-3E211F1B199D}.Debug|Any CPU.Build.0 = Debug|Any CPU
		{4D353859-3172-47A0-8AA9-3E211F1B199D}.Release|Any CPU.ActiveCfg = Release|Any CPU
		{4D353859-3172-47A0-8AA9-3E211F1B199D}.Release|Any CPU.Build.0 = Release|Any CPU
	EndGlobalSection
	GlobalSection(SolutionProperties) = preSolution
		HideSolutionNode = FALSE
	EndGlobalSection
	GlobalSection(ExtensibilityGlobals) = postSolution
		SolutionGuid = {2AB8C68C-9437-419C-B2C3-E0201EC04F88}
	EndGlobalSection
EndGlobal
